
Microsoft Visual Studio Solution File, Format Version 12.00
# Visual Studio 15
VisualStudioVersion = 15.0.27428.2037
MinimumVisualStudioVersion = 10.0.40219.1
Project("{FAE04EC0-301F-11D3-BF4B-00C04F79EFBC}") = "SecureDemo", "SecureDemo\SecureDemo.csproj", "{A89293C5-124D-465E-A8A3-A96FCCD02E4A}"
EndProject
Global
	GlobalSection(SolutionConfigurationPlatforms) = preSolution
		Debug|Any CPU = Debug|Any CPU
		Release|Any CPU = Release|Any CPU
	EndGlobalSection
	GlobalSection(ProjectConfigurationPlatforms) = postSolution
		{A89293C5-124D-465E-A8A3-A96FCCD02E4A}.Debug|Any CPU.ActiveCfg = Debug|Any CPU
		{A89293C5-124D-465E-A8A3-A96FCCD02E4A}.Debug|Any CPU.Build.0 = Debug|Any CPU
		{A89293C5-124D-465E-A8A3-A96FCCD02E4A}.Release|Any CPU.ActiveCfg = Release|Any CPU
		{A89293C5-124D-465E-A8A3-A96FCCD02E4A}.Release|Any CPU.Build.0 = Release|Any CPU
	EndGlobalSection
	GlobalSection(SolutionProperties) = preSolution
		HideSolutionNode = FALSE
	EndGlobalSection
	GlobalSection(ExtensibilityGlobals) = postSolution
		SolutionGuid = {B9C19B55-463D-4DBF-826D-F5E240F78D34}
	EndGlobalSection
EndGlobal
